{
  "originHash" : "8c60b1702273bbdc32009b1dd02917a8dbaeffd5d55808e471ad7da83974a0fb",
  "pins" : [
    {
      "identity" : "baton",
      "kind" : "remoteSourceControl",
      "location" : "https://github.com/shergin/baton.git",
      "state" : {
        "revision" : "a4dc045ac3b56494e818bbb63d30a94ddf7857e5",
        "version" : "0.15.0"
      }
    },
    {
      "identity" : "swift-syntax",
      "kind" : "remoteSourceControl",
      "location" : "https://github.com/swiftlang/swift-syntax.git",
      "state" : {
        "revision" : "4799286537280063c85a32f09884cfbca301b1a1",
        "version" : "602.0.0"
      }
    }
  ],
  "version" : 3
}
