{
  "originHash" : "3e017301d688b1b28ce41bbcffd6ca1a1f6977844930bf17388c74eace4d71f9",
  "pins" : [
    {
      "identity" : "baton",
      "kind" : "remoteSourceControl",
      "location" : "https://github.com/shergin/baton.git",
      "state" : {
        "revision" : "c6f8a2c035db1202ff64c46a43a2039b46b40986",
        "version" : "0.8.0"
      }
    },
    {
      "identity" : "swift-syntax",
      "kind" : "remoteSourceControl",
      "location" : "https://github.com/swiftlang/swift-syntax.git",
      "state" : {
        "revision" : "4799286537280063c85a32f09884cfbca301b1a1",
        "version" : "602.0.0"
      }
    }
  ],
  "version" : 3
}
